
Microsoft Visual Studio Solution File, Format Version 12.00
# Visual Studio 15
VisualStudioVersion = 15.0.28307.489
MinimumVisualStudioVersion = 10.0.40219.1
Project("{8BC9CEB8-8B4A-11D0-8D11-00A0C91BC942}") = "Notes", "Notes\Notes.vcxproj", "{7CCEFFE0-FF41-4193-B997-153ABB2BC28D}"
EndProject
Global
	GlobalSection(SolutionConfigurationPlatforms) = preSolution
		Debug|x64 = Debug|x64
		Debug|x86 = Debug|x86
		Release|x64 = Release|x64
		Release|x86 = Release|x86
	EndGlobalSection
	GlobalSection(ProjectConfigurationPlatforms) = postSolution
		{7CCEFFE0-FF41-4193-B997-153ABB2BC28D}.Debug|x64.ActiveCfg = Debug|x64
		{7CCEFFE0-FF41-4193-B997-153ABB2BC28D}.Debug|x64.Build.0 = Debug|x64
		{7CCEFFE0-FF41-4193-B997-153ABB2BC28D}.Debug|x86.ActiveCfg = Debug|Win32
		{7CCEFFE0-FF41-4193-B997-153ABB2BC28D}.Debug|x86.Build.0 = Debug|Win32
		{7CCEFFE0-FF41-4193-B997-153ABB2BC28D}.Release|x64.ActiveCfg = Release|x64
		{7CCEFFE0-FF41-4193-B997-153ABB2BC28D}.Release|x64.Build.0 = Release|x64
		{7CCEFFE0-FF41-4193-B997-153ABB2BC28D}.Release|x86.ActiveCfg = Release|Win32
		{7CCEFFE0-FF41-4193-B997-153ABB2BC28D}.Release|x86.Build.0 = Release|Win32
	EndGlobalSection
	GlobalSection(SolutionProperties) = preSolution
		HideSolutionNode = FALSE
	EndGlobalSection
	GlobalSection(ExtensibilityGlobals) = postSolution
		SolutionGuid = {44AAAFAA-DD82-40DD-843C-990AF9E7110E}
	EndGlobalSection
EndGlobal
